{
  "nodes": {
    "home-manager": {
      "inputs": {
        "nixpkgs": [
          "nixpkgs"
        ]
      },
      "locked": {
        "lastModified": 1726989464,
        "narHash": "sha256-Vl+WVTJwutXkimwGprnEtXc/s/s8sMuXzqXaspIGlwM=",
        "owner": "nix-community",
        "repo": "home-manager",
        "rev": "2f23fa308a7c067e52dfcc30a0758f47043ec176",
        "type": "github"
      },
      "original": {
        "owner": "nix-community",
        "ref": "release-24.05",
        "repo": "home-manager",
        "type": "github"
      }
    },
    "nix-index-database": {
      "inputs": {
        "nixpkgs": [
          "nixpkgs"
        ]
      },
      "locked": {
        "lastModified": 1730604744,
        "narHash": "sha256-/MK6QU4iOozJ4oHTfZipGtOgaT/uy/Jm4foCqHQeYR4=",
        "owner": "nix-community",
        "repo": "nix-index-database",
        "rev": "cc2ddbf2df8ef7cc933543b1b42b845ee4772318",
        "type": "github"
      },
      "original": {
        "owner": "nix-community",
        "repo": "nix-index-database",
        "type": "github"
      }
    },
    "nixpkgs": {
      "locked": {
        "lastModified": 1730883749,
        "narHash": "sha256-mwrFF0vElHJP8X3pFCByJR365Q2463ATp2qGIrDUdlE=",
        "owner": "nixos",
        "repo": "nixpkgs",
        "rev": "dba414932936fde69f0606b4f1d87c5bc0003ede",
        "type": "github"
      },
      "original": {
        "owner": "nixos",
        "ref": "nixos-24.05",
        "repo": "nixpkgs",
        "type": "github"
      }
    },
    "nixpkgs_2": {
      "locked": {
        "lastModified": 1720957393,
        "narHash": "sha256-oedh2RwpjEa+TNxhg5Je9Ch6d3W1NKi7DbRO1ziHemA=",
        "owner": "NixOS",
        "repo": "nixpkgs",
        "rev": "693bc46d169f5af9c992095736e82c3488bf7dbb",
        "type": "github"
      },
      "original": {
        "id": "nixpkgs",
        "ref": "nixos-unstable",
        "type": "indirect"
      }
    },
    "opentabletdriver": {
      "inputs": {
        "nixpkgs": "nixpkgs_2"
      },
      "locked": {
        "lastModified": 1729782008,
        "narHash": "sha256-CoTAVLLdJksvIVCihpecrE18+6nSPK/GCbI8Bn3oBT4=",
        "owner": "opentabletdriver",
        "repo": "opentabletdriver",
        "rev": "0313c633b03306c98eedcd75bf22d0599bd6e51d",
        "type": "github"
      },
      "original": {
        "owner": "opentabletdriver",
        "repo": "opentabletdriver",
        "rev": "0313c633b03306c98eedcd75bf22d0599bd6e51d",
        "type": "github"
      }
    },
    "rhythia-git": {
      "flake": false,
      "locked": {
        "lastModified": 1730313425,
        "narHash": "sha256-HI4WWJbNY0RyG3ORP/jY3YaXTBSODHq1ZijxYmeoNkY=",
        "owner": "David20122",
        "repo": "sound-space-plus",
        "rev": "e944e25247a27279e6219e8a1ba4f6e231e7ccf7",
        "type": "github"
      },
      "original": {
        "owner": "David20122",
        "repo": "sound-space-plus",
        "type": "github"
      }
    },
    "root": {
      "inputs": {
        "home-manager": "home-manager",
        "nix-index-database": "nix-index-database",
        "nixpkgs": "nixpkgs",
        "opentabletdriver": "opentabletdriver",
        "rhythia-git": "rhythia-git"
      }
    }
  },
  "root": "root",
  "version": 7
}
